
Microsoft Visual Studio Solution File, Format Version 12.00
# Visual Studio 15
VisualStudioVersion = 15.0.27004.2002
MinimumVisualStudioVersion = 10.0.40219.1
Project("{FAE04EC0-301F-11D3-BF4B-00C04F79EFBC}") = "QLDSV", "QLDSV\QLDSV.csproj", "{1C0DFA96-A920-4A8A-B2A8-CD53FE9E8A82}"
EndProject
Global
	GlobalSection(SolutionConfigurationPlatforms) = preSolution
		Debug|Any CPU = Debug|Any CPU
		Release|Any CPU = Release|Any CPU
	EndGlobalSection
	GlobalSection(ProjectConfigurationPlatforms) = postSolution
		{1C0DFA96-A920-4A8A-B2A8-CD53FE9E8A82}.Debug|Any CPU.ActiveCfg = Debug|Any CPU
		{1C0DFA96-A920-4A8A-B2A8-CD53FE9E8A82}.Debug|Any CPU.Build.0 = Debug|Any CPU
		{1C0DFA96-A920-4A8A-B2A8-CD53FE9E8A82}.Release|Any CPU.ActiveCfg = Release|Any CPU
		{1C0DFA96-A920-4A8A-B2A8-CD53FE9E8A82}.Release|Any CPU.Build.0 = Release|Any CPU
	EndGlobalSection
	GlobalSection(SolutionProperties) = preSolution
		HideSolutionNode = FALSE
	EndGlobalSection
	GlobalSection(ExtensibilityGlobals) = postSolution
		SolutionGuid = {C1CADDCC-118F-4B77-BB91-E4B7F3A2AF21}
	EndGlobalSection
EndGlobal
